
Microsoft Visual Studio Solution File, Format Version 12.00
# Visual Studio Version 16
VisualStudioVersion = 16.0.30330.147
MinimumVisualStudioVersion = 10.0.40219.1
Project("{FAE04EC0-301F-11D3-BF4B-00C04F79EFBC}") = "UWP_XAML01", "UWP_XAML01\UWP_XAML01.csproj", "{633E82AE-20CA-4A7C-AB53-FDA95C2CDA1C}"
EndProject
Project("{FAE04EC0-301F-11D3-BF4B-00C04F79EFBC}") = "FakeNews", "FakeNews\FakeNews.csproj", "{C26524E0-960A-4BD1-BAB1-FC91C02B3715}"
EndProject
Project("{FAE04EC0-301F-11D3-BF4B-00C04F79EFBC}") = "DataBindingSample", "DataBindingSample\DataBindingSample.csproj", "{6DFB4007-857B-478E-8B3B-A9EC5DB8FB24}"
EndProject
Project("{FAE04EC0-301F-11D3-BF4B-00C04F79EFBC}") = "ObservableCollectionExample", "ObservableCollectionExample\ObservableCollectionExample.csproj", "{81C604ED-7E0C-4CD8-9DA0-F0257FB8026C}"
EndProject
Project("{FAE04EC0-301F-11D3-BF4B-00C04F79EFBC}") = "demoOpenWeathermap", "demoOpenWeathermap\demoOpenWeathermap.csproj", "{EBC07852-C869-4A8F-B7DE-88A5DAF7DDD0}"
EndProject
Project("{FAE04EC0-301F-11D3-BF4B-00C04F79EFBC}") = "MyWeatherApplication", "MyWeatherApplication\MyWeatherApplication.csproj", "{B8CB3CA4-C440-4C74-A59B-474024D96F15}"
EndProject
Project("{FAE04EC0-301F-11D3-BF4B-00C04F79EFBC}") = "WeatherAppDemo", "WeatherAppDemo\WeatherAppDemo.csproj", "{64745C84-3AFC-4BB6-95D6-0996FCC61CBF}"
EndProject
Project("{FAE04EC0-301F-11D3-BF4B-00C04F79EFBC}") = "XemYouTubeThoi", "XemYouTubeThoi\XemYouTubeThoi.csproj", "{D8B9BA2F-7854-4D2B-A56E-2DE5A35FB691}"
EndProject
Project("{FAE04EC0-301F-11D3-BF4B-00C04F79EFBC}") = "Weather", "Weather\Weather.csproj", "{087FC7E2-8AFF-4116-A715-E4EE4E13234A}"
EndProject
Project("{FAE04EC0-301F-11D3-BF4B-00C04F79EFBC}") = "UWPSQLiteDemo", "UWPSQLiteDemo\UWPSQLiteDemo.csproj", "{CBC8860A-C0F0-49A5-BE92-CDC1D50AFD88}"
EndProject
Global
	GlobalSection(SolutionConfigurationPlatforms) = preSolution
		Debug|ARM = Debug|ARM
		Debug|ARM64 = Debug|ARM64
		Debug|x64 = Debug|x64
		Debug|x86 = Debug|x86
		Release|ARM = Release|ARM
		Release|ARM64 = Release|ARM64
		Release|x64 = Release|x64
		Release|x86 = Release|x86
	EndGlobalSection
	GlobalSection(ProjectConfigurationPlatforms) = postSolution
		{633E82AE-20CA-4A7C-AB53-FDA95C2CDA1C}.Debug|ARM.ActiveCfg = Debug|ARM
		{633E82AE-20CA-4A7C-AB53-FDA95C2CDA1C}.Debug|ARM.Build.0 = Debug|ARM
		{633E82AE-20CA-4A7C-AB53-FDA95C2CDA1C}.Debug|ARM.Deploy.0 = Debug|ARM
		{633E82AE-20CA-4A7C-AB53-FDA95C2CDA1C}.Debug|ARM64.ActiveCfg = Debug|ARM64
		{633E82AE-20CA-4A7C-AB53-FDA95C2CDA1C}.Debug|ARM64.Build.0 = Debug|ARM64
		{633E82AE-20CA-4A7C-AB53-FDA95C2CDA1C}.Debug|ARM64.Deploy.0 = Debug|ARM64
		{633E82AE-20CA-4A7C-AB53-FDA95C2CDA1C}.Debug|x64.ActiveCfg = Debug|x64
		{633E82AE-20CA-4A7C-AB53-FDA95C2CDA1C}.Debug|x64.Build.0 = Debug|x64
		{633E82AE-20CA-4A7C-AB53-FDA95C2CDA1C}.Debug|x64.Deploy.0 = Debug|x64
		{633E82AE-20CA-4A7C-AB53-FDA95C2CDA1C}.Debug|x86.ActiveCfg = Debug|x86
		{633E82AE-20CA-4A7C-AB53-FDA95C2CDA1C}.Debug|x86.Build.0 = Debug|x86
		{633E82AE-20CA-4A7C-AB53-FDA95C2CDA1C}.Debug|x86.Deploy.0 = Debug|x86
		{633E82AE-20CA-4A7C-AB53-FDA95C2CDA1C}.Release|ARM.ActiveCfg = Release|ARM
		{633E82AE-20CA-4A7C-AB53-FDA95C2CDA1C}.Release|ARM.Build.0 = Release|ARM
		{633E82AE-20CA-4A7C-AB53-FDA95C2CDA1C}.Release|ARM.Deploy.0 = Release|ARM
		{633E82AE-20CA-4A7C-AB53-FDA95C2CDA1C}.Release|ARM64.ActiveCfg = Release|ARM64
		{633E82AE-20CA-4A7C-AB53-FDA95C2CDA1C}.Release|ARM64.Build.0 = Release|ARM64
		{633E82AE-20CA-4A7C-AB53-FDA95C2CDA1C}.Release|ARM64.Deploy.0 = Release|ARM64
		{633E82AE-20CA-4A7C-AB53-FDA95C2CDA1C}.Release|x64.ActiveCfg = Release|x64
		{633E82AE-20CA-4A7C-AB53-FDA95C2CDA1C}.Release|x64.Build.0 = Release|x64
		{633E82AE-20CA-4A7C-AB53-FDA95C2CDA1C}.Release|x64.Deploy.0 = Release|x64
		{633E82AE-20CA-4A7C-AB53-FDA95C2CDA1C}.Release|x86.ActiveCfg = Release|x86
		{633E82AE-20CA-4A7C-AB53-FDA95C2CDA1C}.Release|x86.Build.0 = Release|x86
		{633E82AE-20CA-4A7C-AB53-FDA95C2CDA1C}.Release|x86.Deploy.0 = Release|x86
		{C26524E0-960A-4BD1-BAB1-FC91C02B3715}.Debug|ARM.ActiveCfg = Debug|ARM
		{C26524E0-960A-4BD1-BAB1-FC91C02B3715}.Debug|ARM.Build.0 = Debug|ARM
		{C26524E0-960A-4BD1-BAB1-FC91C02B3715}.Debug|ARM.Deploy.0 = Debug|ARM
		{C26524E0-960A-4BD1-BAB1-FC91C02B3715}.Debug|ARM64.ActiveCfg = Debug|ARM64
		{C26524E0-960A-4BD1-BAB1-FC91C02B3715}.Debug|ARM64.Build.0 = Debug|ARM64
		{C26524E0-960A-4BD1-BAB1-FC91C02B3715}.Debug|ARM64.Deploy.0 = Debug|ARM64
		{C26524E0-960A-4BD1-BAB1-FC91C02B3715}.Debug|x64.ActiveCfg = Debug|x64
		{C26524E0-960A-4BD1-BAB1-FC91C02B3715}.Debug|x64.Build.0 = Debug|x64
		{C26524E0-960A-4BD1-BAB1-FC91C02B3715}.Debug|x64.Deploy.0 = Debug|x64
		{C26524E0-960A-4BD1-BAB1-FC91C02B3715}.Debug|x86.ActiveCfg = Debug|x86
		{C26524E0-960A-4BD1-BAB1-FC91C02B3715}.Debug|x86.Build.0 = Debug|x86
		{C26524E0-960A-4BD1-BAB1-FC91C02B3715}.Debug|x86.Deploy.0 = Debug|x86
		{C26524E0-960A-4BD1-BAB1-FC91C02B3715}.Release|ARM.ActiveCfg = Release|ARM
		{C26524E0-960A-4BD1-BAB1-FC91C02B3715}.Release|ARM.Build.0 = Release|ARM
		{C26524E0-960A-4BD1-BAB1-FC91C02B3715}.Release|ARM.Deploy.0 = Release|ARM
		{C26524E0-960A-4BD1-BAB1-FC91C02B3715}.Release|ARM64.ActiveCfg = Release|ARM64
		{C26524E0-960A-4BD1-BAB1-FC91C02B3715}.Release|ARM64.Build.0 = Release|ARM64
		{C26524E0-960A-4BD1-BAB1-FC91C02B3715}.Release|ARM64.Deploy.0 = Release|ARM64
		{C26524E0-960A-4BD1-BAB1-FC91C02B3715}.Release|x64.ActiveCfg = Release|x64
		{C26524E0-960A-4BD1-BAB1-FC91C02B3715}.Release|x64.Build.0 = Release|x64
		{C26524E0-960A-4BD1-BAB1-FC91C02B3715}.Release|x64.Deploy.0 = Release|x64
		{C26524E0-960A-4BD1-BAB1-FC91C02B3715}.Release|x86.ActiveCfg = Release|x86
		{C26524E0-960A-4BD1-BAB1-FC91C02B3715}.Release|x86.Build.0 = Release|x86
		{C26524E0-960A-4BD1-BAB1-FC91C02B3715}.Release|x86.Deploy.0 = Release|x86
		{6DFB4007-857B-478E-8B3B-A9EC5DB8FB24}.Debug|ARM.ActiveCfg = Debug|ARM
		{6DFB4007-857B-478E-8B3B-A9EC5DB8FB24}.Debug|ARM.Build.0 = Debug|ARM
		{6DFB4007-857B-478E-8B3B-A9EC5DB8FB24}.Debug|ARM.Deploy.0 = Debug|ARM
		{6DFB4007-857B-478E-8B3B-A9EC5DB8FB24}.Debug|ARM64.ActiveCfg = Debug|ARM64
		{6DFB4007-857B-478E-8B3B-A9EC5DB8FB24}.Debug|ARM64.Build.0 = Debug|ARM64
		{6DFB4007-857B-478E-8B3B-A9EC5DB8FB24}.Debug|ARM64.Deploy.0 = Debug|ARM64
		{6DFB4007-857B-478E-8B3B-A9EC5DB8FB24}.Debug|x64.ActiveCfg = Debug|x64
		{6DFB4007-857B-478E-8B3B-A9EC5DB8FB24}.Debug|x64.Build.0 = Debug|x64
		{6DFB4007-857B-478E-8B3B-A9EC5DB8FB24}.Debug|x64.Deploy.0 = Debug|x64
		{6DFB4007-857B-478E-8B3B-A9EC5DB8FB24}.Debug|x86.ActiveCfg = Debug|x86
		{6DFB4007-857B-478E-8B3B-A9EC5DB8FB24}.Debug|x86.Build.0 = Debug|x86
		{6DFB4007-857B-478E-8B3B-A9EC5DB8FB24}.Debug|x86.Deploy.0 = Debug|x86
		{6DFB4007-857B-478E-8B3B-A9EC5DB8FB24}.Release|ARM.ActiveCfg = Release|ARM
		{6DFB4007-857B-478E-8B3B-A9EC5DB8FB24}.Release|ARM.Build.0 = Release|ARM
		{6DFB4007-857B-478E-8B3B-A9EC5DB8FB24}.Release|ARM.Deploy.0 = Release|ARM
		{6DFB4007-857B-478E-8B3B-A9EC5DB8FB24}.Release|ARM64.ActiveCfg = Release|ARM64
		{6DFB4007-857B-478E-8B3B-A9EC5DB8FB24}.Release|ARM64.Build.0 = Release|ARM64
		{6DFB4007-857B-478E-8B3B-A9EC5DB8FB24}.Release|ARM64.Deploy.0 = Release|ARM64
		{6DFB4007-857B-478E-8B3B-A9EC5DB8FB24}.Release|x64.ActiveCfg = Release|x64
		{6DFB4007-857B-478E-8B3B-A9EC5DB8FB24}.Release|x64.Build.0 = Release|x64
		{6DFB4007-857B-478E-8B3B-A9EC5DB8FB24}.Release|x64.Deploy.0 = Release|x64
		{6DFB4007-857B-478E-8B3B-A9EC5DB8FB24}.Release|x86.ActiveCfg = Release|x86
		{6DFB4007-857B-478E-8B3B-A9EC5DB8FB24}.Release|x86.Build.0 = Release|x86
		{6DFB4007-857B-478E-8B3B-A9EC5DB8FB24}.Release|x86.Deploy.0 = Release|x86
		{81C604ED-7E0C-4CD8-9DA0-F0257FB8026C}.Debug|ARM.ActiveCfg = Debug|ARM
		{81C604ED-7E0C-4CD8-9DA0-F0257FB8026C}.Debug|ARM.Build.0 = Debug|ARM
		{81C604ED-7E0C-4CD8-9DA0-F0257FB8026C}.Debug|ARM.Deploy.0 = Debug|ARM
		{81C604ED-7E0C-4CD8-9DA0-F0257FB8026C}.Debug|ARM64.ActiveCfg = Debug|ARM64
		{81C604ED-7E0C-4CD8-9DA0-F0257FB8026C}.Debug|ARM64.Build.0 = Debug|ARM64
		{81C604ED-7E0C-4CD8-9DA0-F0257FB8026C}.Debug|ARM64.Deploy.0 = Debug|ARM64
		{81C604ED-7E0C-4CD8-9DA0-F0257FB8026C}.Debug|x64.ActiveCfg = Debug|x64
		{81C604ED-7E0C-4CD8-9DA0-F0257FB8026C}.Debug|x64.Build.0 = Debug|x64
		{81C604ED-7E0C-4CD8-9DA0-F0257FB8026C}.Debug|x64.Deploy.0 = Debug|x64
		{81C604ED-7E0C-4CD8-9DA0-F0257FB8026C}.Debug|x86.ActiveCfg = Debug|x86
		{81C604ED-7E0C-4CD8-9DA0-F0257FB8026C}.Debug|x86.Build.0 = Debug|x86
		{81C604ED-7E0C-4CD8-9DA0-F0257FB8026C}.Debug|x86.Deploy.0 = Debug|x86
		{81C604ED-7E0C-4CD8-9DA0-F0257FB8026C}.Release|ARM.ActiveCfg = Release|ARM
		{81C604ED-7E0C-4CD8-9DA0-F0257FB8026C}.Release|ARM.Build.0 = Release|ARM
		{81C604ED-7E0C-4CD8-9DA0-F0257FB8026C}.Release|ARM.Deploy.0 = Release|ARM
		{81C604ED-7E0C-4CD8-9DA0-F0257FB8026C}.Release|ARM64.ActiveCfg = Release|ARM64
		{81C604ED-7E0C-4CD8-9DA0-F0257FB8026C}.Release|ARM64.Build.0 = Release|ARM64
		{81C604ED-7E0C-4CD8-9DA0-F0257FB8026C}.Release|ARM64.Deploy.0 = Release|ARM64
		{81C604ED-7E0C-4CD8-9DA0-F0257FB8026C}.Release|x64.ActiveCfg = Release|x64
		{81C604ED-7E0C-4CD8-9DA0-F0257FB8026C}.Release|x64.Build.0 = Release|x64
		{81C604ED-7E0C-4CD8-9DA0-F0257FB8026C}.Release|x64.Deploy.0 = Release|x64
		{81C604ED-7E0C-4CD8-9DA0-F0257FB8026C}.Release|x86.ActiveCfg = Release|x86
		{81C604ED-7E0C-4CD8-9DA0-F0257FB8026C}.Release|x86.Build.0 = Release|x86
		{81C604ED-7E0C-4CD8-9DA0-F0257FB8026C}.Release|x86.Deploy.0 = Release|x86
		{EBC07852-C869-4A8F-B7DE-88A5DAF7DDD0}.Debug|ARM.ActiveCfg = Debug|ARM
		{EBC07852-C869-4A8F-B7DE-88A5DAF7DDD0}.Debug|ARM.Build.0 = Debug|ARM
		{EBC07852-C869-4A8F-B7DE-88A5DAF7DDD0}.Debug|ARM.Deploy.0 = Debug|ARM
		{EBC07852-C869-4A8F-B7DE-88A5DAF7DDD0}.Debug|ARM64.ActiveCfg = Debug|ARM64
		{EBC07852-C869-4A8F-B7DE-88A5DAF7DDD0}.Debug|ARM64.Build.0 = Debug|ARM64
		{EBC07852-C869-4A8F-B7DE-88A5DAF7DDD0}.Debug|ARM64.Deploy.0 = Debug|ARM64
		{EBC07852-C869-4A8F-B7DE-88A5DAF7DDD0}.Debug|x64.ActiveCfg = Debug|x64
		{EBC07852-C869-4A8F-B7DE-88A5DAF7DDD0}.Debug|x64.Build.0 = Debug|x64
		{EBC07852-C869-4A8F-B7DE-88A5DAF7DDD0}.Debug|x64.Deploy.0 = Debug|x64
		{EBC07852-C869-4A8F-B7DE-88A5DAF7DDD0}.Debug|x86.ActiveCfg = Debug|x86
		{EBC07852-C869-4A8F-B7DE-88A5DAF7DDD0}.Debug|x86.Build.0 = Debug|x86
		{EBC07852-C869-4A8F-B7DE-88A5DAF7DDD0}.Debug|x86.Deploy.0 = Debug|x86
		{EBC07852-C869-4A8F-B7DE-88A5DAF7DDD0}.Release|ARM.ActiveCfg = Release|ARM
		{EBC07852-C869-4A8F-B7DE-88A5DAF7DDD0}.Release|ARM.Build.0 = Release|ARM
		{EBC07852-C869-4A8F-B7DE-88A5DAF7DDD0}.Release|ARM.Deploy.0 = Release|ARM
		{EBC07852-C869-4A8F-B7DE-88A5DAF7DDD0}.Release|ARM64.ActiveCfg = Release|ARM64
		{EBC07852-C869-4A8F-B7DE-88A5DAF7DDD0}.Release|ARM64.Build.0 = Release|ARM64
		{EBC07852-C869-4A8F-B7DE-88A5DAF7DDD0}.Release|ARM64.Deploy.0 = Release|ARM64
		{EBC07852-C869-4A8F-B7DE-88A5DAF7DDD0}.Release|x64.ActiveCfg = Release|x64
		{EBC07852-C869-4A8F-B7DE-88A5DAF7DDD0}.Release|x64.Build.0 = Release|x64
		{EBC07852-C869-4A8F-B7DE-88A5DAF7DDD0}.Release|x64.Deploy.0 = Release|x64
		{EBC07852-C869-4A8F-B7DE-88A5DAF7DDD0}.Release|x86.ActiveCfg = Release|x86
		{EBC07852-C869-4A8F-B7DE-88A5DAF7DDD0}.Release|x86.Build.0 = Release|x86
		{EBC07852-C869-4A8F-B7DE-88A5DAF7DDD0}.Release|x86.Deploy.0 = Release|x86
		{B8CB3CA4-C440-4C74-A59B-474024D96F15}.Debug|ARM.ActiveCfg = Debug|ARM
		{B8CB3CA4-C440-4C74-A59B-474024D96F15}.Debug|ARM.Build.0 = Debug|ARM
		{B8CB3CA4-C440-4C74-A59B-474024D96F15}.Debug|ARM.Deploy.0 = Debug|ARM
		{B8CB3CA4-C440-4C74-A59B-474024D96F15}.Debug|ARM64.ActiveCfg = Debug|ARM64
		{B8CB3CA4-C440-4C74-A59B-474024D96F15}.Debug|ARM64.Build.0 = Debug|ARM64
		{B8CB3CA4-C440-4C74-A59B-474024D96F15}.Debug|ARM64.Deploy.0 = Debug|ARM64
		{B8CB3CA4-C440-4C74-A59B-474024D96F15}.Debug|x64.ActiveCfg = Debug|x64
		{B8CB3CA4-C440-4C74-A59B-474024D96F15}.Debug|x64.Build.0 = Debug|x64
		{B8CB3CA4-C440-4C74-A59B-474024D96F15}.Debug|x64.Deploy.0 = Debug|x64
		{B8CB3CA4-C440-4C74-A59B-474024D96F15}.Debug|x86.ActiveCfg = Debug|x86
		{B8CB3CA4-C440-4C74-A59B-474024D96F15}.Debug|x86.Build.0 = Debug|x86
		{B8CB3CA4-C440-4C74-A59B-474024D96F15}.Debug|x86.Deploy.0 = Debug|x86
		{B8CB3CA4-C440-4C74-A59B-474024D96F15}.Release|ARM.ActiveCfg = Release|ARM
		{B8CB3CA4-C440-4C74-A59B-474024D96F15}.Release|ARM.Build.0 = Release|ARM
		{B8CB3CA4-C440-4C74-A59B-474024D96F15}.Release|ARM.Deploy.0 = Release|ARM
		{B8CB3CA4-C440-4C74-A59B-474024D96F15}.Release|ARM64.ActiveCfg = Release|ARM64
		{B8CB3CA4-C440-4C74-A59B-474024D96F15}.Release|ARM64.Build.0 = Release|ARM64
		{B8CB3CA4-C440-4C74-A59B-474024D96F15}.Release|ARM64.Deploy.0 = Release|ARM64
		{B8CB3CA4-C440-4C74-A59B-474024D96F15}.Release|x64.ActiveCfg = Release|x64
		{B8CB3CA4-C440-4C74-A59B-474024D96F15}.Release|x64.Build.0 = Release|x64
		{B8CB3CA4-C440-4C74-A59B-474024D96F15}.Release|x64.Deploy.0 = Release|x64
		{B8CB3CA4-C440-4C74-A59B-474024D96F15}.Release|x86.ActiveCfg = Release|x86
		{B8CB3CA4-C440-4C74-A59B-474024D96F15}.Release|x86.Build.0 = Release|x86
		{B8CB3CA4-C440-4C74-A59B-474024D96F15}.Release|x86.Deploy.0 = Release|x86
		{64745C84-3AFC-4BB6-95D6-0996FCC61CBF}.Debug|ARM.ActiveCfg = Debug|ARM
		{64745C84-3AFC-4BB6-95D6-0996FCC61CBF}.Debug|ARM.Build.0 = Debug|ARM
		{64745C84-3AFC-4BB6-95D6-0996FCC61CBF}.Debug|ARM.Deploy.0 = Debug|ARM
		{64745C84-3AFC-4BB6-95D6-0996FCC61CBF}.Debug|ARM64.ActiveCfg = Debug|ARM64
		{64745C84-3AFC-4BB6-95D6-0996FCC61CBF}.Debug|ARM64.Build.0 = Debug|ARM64
		{64745C84-3AFC-4BB6-95D6-0996FCC61CBF}.Debug|ARM64.Deploy.0 = Debug|ARM64
		{64745C84-3AFC-4BB6-95D6-0996FCC61CBF}.Debug|x64.ActiveCfg = Debug|x64
		{64745C84-3AFC-4BB6-95D6-0996FCC61CBF}.Debug|x64.Build.0 = Debug|x64
		{64745C84-3AFC-4BB6-95D6-0996FCC61CBF}.Debug|x64.Deploy.0 = Debug|x64
		{64745C84-3AFC-4BB6-95D6-0996FCC61CBF}.Debug|x86.ActiveCfg = Debug|x86
		{64745C84-3AFC-4BB6-95D6-0996FCC61CBF}.Debug|x86.Build.0 = Debug|x86
		{64745C84-3AFC-4BB6-95D6-0996FCC61CBF}.Debug|x86.Deploy.0 = Debug|x86
		{64745C84-3AFC-4BB6-95D6-0996FCC61CBF}.Release|ARM.ActiveCfg = Release|ARM
		{64745C84-3AFC-4BB6-95D6-0996FCC61CBF}.Release|ARM.Build.0 = Release|ARM
		{64745C84-3AFC-4BB6-95D6-0996FCC61CBF}.Release|ARM.Deploy.0 = Release|ARM
		{64745C84-3AFC-4BB6-95D6-0996FCC61CBF}.Release|ARM64.ActiveCfg = Release|ARM64
		{64745C84-3AFC-4BB6-95D6-0996FCC61CBF}.Release|ARM64.Build.0 = Release|ARM64
		{64745C84-3AFC-4BB6-95D6-0996FCC61CBF}.Release|ARM64.Deploy.0 = Release|ARM64
		{64745C84-3AFC-4BB6-95D6-0996FCC61CBF}.Release|x64.ActiveCfg = Release|x64
		{64745C84-3AFC-4BB6-95D6-0996FCC61CBF}.Release|x64.Build.0 = Release|x64
		{64745C84-3AFC-4BB6-95D6-0996FCC61CBF}.Release|x64.Deploy.0 = Release|x64
		{64745C84-3AFC-4BB6-95D6-0996FCC61CBF}.Release|x86.ActiveCfg = Release|x86
		{64745C84-3AFC-4BB6-95D6-0996FCC61CBF}.Release|x86.Build.0 = Release|x86
		{64745C84-3AFC-4BB6-95D6-0996FCC61CBF}.Release|x86.Deploy.0 = Release|x86
		{D8B9BA2F-7854-4D2B-A56E-2DE5A35FB691}.Debug|ARM.ActiveCfg = Debug|ARM
		{D8B9BA2F-7854-4D2B-A56E-2DE5A35FB691}.Debug|ARM.Build.0 = Debug|ARM
		{D8B9BA2F-7854-4D2B-A56E-2DE5A35FB691}.Debug|ARM.Deploy.0 = Debug|ARM
		{D8B9BA2F-7854-4D2B-A56E-2DE5A35FB691}.Debug|ARM64.ActiveCfg = Debug|ARM64
		{D8B9BA2F-7854-4D2B-A56E-2DE5A35FB691}.Debug|ARM64.Build.0 = Debug|ARM64
		{D8B9BA2F-7854-4D2B-A56E-2DE5A35FB691}.Debug|ARM64.Deploy.0 = Debug|ARM64
		{D8B9BA2F-7854-4D2B-A56E-2DE5A35FB691}.Debug|x64.ActiveCfg = Debug|x64
		{D8B9BA2F-7854-4D2B-A56E-2DE5A35FB691}.Debug|x64.Build.0 = Debug|x64
		{D8B9BA2F-7854-4D2B-A56E-2DE5A35FB691}.Debug|x64.Deploy.0 = Debug|x64
		{D8B9BA2F-7854-4D2B-A56E-2DE5A35FB691}.Debug|x86.ActiveCfg = Debug|x86
		{D8B9BA2F-7854-4D2B-A56E-2DE5A35FB691}.Debug|x86.Build.0 = Debug|x86
		{D8B9BA2F-7854-4D2B-A56E-2DE5A35FB691}.Debug|x86.Deploy.0 = Debug|x86
		{D8B9BA2F-7854-4D2B-A56E-2DE5A35FB691}.Release|ARM.ActiveCfg = Release|ARM
		{D8B9BA2F-7854-4D2B-A56E-2DE5A35FB691}.Release|ARM.Build.0 = Release|ARM
		{D8B9BA2F-7854-4D2B-A56E-2DE5A35FB691}.Release|ARM.Deploy.0 = Release|ARM
		{D8B9BA2F-7854-4D2B-A56E-2DE5A35FB691}.Release|ARM64.ActiveCfg = Release|ARM64
		{D8B9BA2F-7854-4D2B-A56E-2DE5A35FB691}.Release|ARM64.Build.0 = Release|ARM64
		{D8B9BA2F-7854-4D2B-A56E-2DE5A35FB691}.Release|ARM64.Deploy.0 = Release|ARM64
		{D8B9BA2F-7854-4D2B-A56E-2DE5A35FB691}.Release|x64.ActiveCfg = Release|x64
		{D8B9BA2F-7854-4D2B-A56E-2DE5A35FB691}.Release|x64.Build.0 = Release|x64
		{D8B9BA2F-7854-4D2B-A56E-2DE5A35FB691}.Release|x64.Deploy.0 = Release|x64
		{D8B9BA2F-7854-4D2B-A56E-2DE5A35FB691}.Release|x86.ActiveCfg = Release|x86
		{D8B9BA2F-7854-4D2B-A56E-2DE5A35FB691}.Release|x86.Build.0 = Release|x86
		{D8B9BA2F-7854-4D2B-A56E-2DE5A35FB691}.Release|x86.Deploy.0 = Release|x86
		{087FC7E2-8AFF-4116-A715-E4EE4E13234A}.Debug|ARM.ActiveCfg = Debug|ARM
		{087FC7E2-8AFF-4116-A715-E4EE4E13234A}.Debug|ARM.Build.0 = Debug|ARM
		{087FC7E2-8AFF-4116-A715-E4EE4E13234A}.Debug|ARM.Deploy.0 = Debug|ARM
		{087FC7E2-8AFF-4116-A715-E4EE4E13234A}.Debug|ARM64.ActiveCfg = Debug|ARM64
		{087FC7E2-8AFF-4116-A715-E4EE4E13234A}.Debug|ARM64.Build.0 = Debug|ARM64
		{087FC7E2-8AFF-4116-A715-E4EE4E13234A}.Debug|ARM64.Deploy.0 = Debug|ARM64
		{087FC7E2-8AFF-4116-A715-E4EE4E13234A}.Debug|x64.ActiveCfg = Debug|x64
		{087FC7E2-8AFF-4116-A715-E4EE4E13234A}.Debug|x64.Build.0 = Debug|x64
		{087FC7E2-8AFF-4116-A715-E4EE4E13234A}.Debug|x64.Deploy.0 = Debug|x64
		{087FC7E2-8AFF-4116-A715-E4EE4E13234A}.Debug|x86.ActiveCfg = Debug|x86
		{087FC7E2-8AFF-4116-A715-E4EE4E13234A}.Debug|x86.Build.0 = Debug|x86
		{087FC7E2-8AFF-4116-A715-E4EE4E13234A}.Debug|x86.Deploy.0 = Debug|x86
		{087FC7E2-8AFF-4116-A715-E4EE4E13234A}.Release|ARM.ActiveCfg = Release|ARM
		{087FC7E2-8AFF-4116-A715-E4EE4E13234A}.Release|ARM.Build.0 = Release|ARM
		{087FC7E2-8AFF-4116-A715-E4EE4E13234A}.Release|ARM.Deploy.0 = Release|ARM
		{087FC7E2-8AFF-4116-A715-E4EE4E13234A}.Release|ARM64.ActiveCfg = Release|ARM64
		{087FC7E2-8AFF-4116-A715-E4EE4E13234A}.Release|ARM64.Build.0 = Release|ARM64
		{087FC7E2-8AFF-4116-A715-E4EE4E13234A}.Release|ARM64.Deploy.0 = Release|ARM64
		{087FC7E2-8AFF-4116-A715-E4EE4E13234A}.Release|x64.ActiveCfg = Release|x64
		{087FC7E2-8AFF-4116-A715-E4EE4E13234A}.Release|x64.Build.0 = Release|x64
		{087FC7E2-8AFF-4116-A715-E4EE4E13234A}.Release|x64.Deploy.0 = Release|x64
		{087FC7E2-8AFF-4116-A715-E4EE4E13234A}.Release|x86.ActiveCfg = Release|x86
		{087FC7E2-8AFF-4116-A715-E4EE4E13234A}.Release|x86.Build.0 = Release|x86
		{087FC7E2-8AFF-4116-A715-E4EE4E13234A}.Release|x86.Deploy.0 = Release|x86
		{CBC8860A-C0F0-49A5-BE92-CDC1D50AFD88}.Debug|ARM.ActiveCfg = Debug|ARM
		{CBC8860A-C0F0-49A5-BE92-CDC1D50AFD88}.Debug|ARM.Build.0 = Debug|ARM
		{CBC8860A-C0F0-49A5-BE92-CDC1D50AFD88}.Debug|ARM.Deploy.0 = Debug|ARM
		{CBC8860A-C0F0-49A5-BE92-CDC1D50AFD88}.Debug|ARM64.ActiveCfg = Debug|ARM64
		{CBC8860A-C0F0-49A5-BE92-CDC1D50AFD88}.Debug|ARM64.Build.0 = Debug|ARM64
		{CBC8860A-C0F0-49A5-BE92-CDC1D50AFD88}.Debug|ARM64.Deploy.0 = Debug|ARM64
		{CBC8860A-C0F0-49A5-BE92-CDC1D50AFD88}.Debug|x64.ActiveCfg = Debug|x64
		{CBC8860A-C0F0-49A5-BE92-CDC1D50AFD88}.Debug|x64.Build.0 = Debug|x64
		{CBC8860A-C0F0-49A5-BE92-CDC1D50AFD88}.Debug|x64.Deploy.0 = Debug|x64
		{CBC8860A-C0F0-49A5-BE92-CDC1D50AFD88}.Debug|x86.ActiveCfg = Debug|x86
		{CBC8860A-C0F0-49A5-BE92-CDC1D50AFD88}.Debug|x86.Build.0 = Debug|x86
		{CBC8860A-C0F0-49A5-BE92-CDC1D50AFD88}.Debug|x86.Deploy.0 = Debug|x86
		{CBC8860A-C0F0-49A5-BE92-CDC1D50AFD88}.Release|ARM.ActiveCfg = Release|ARM
		{CBC8860A-C0F0-49A5-BE92-CDC1D50AFD88}.Release|ARM.Build.0 = Release|ARM
		{CBC8860A-C0F0-49A5-BE92-CDC1D50AFD88}.Release|ARM.Deploy.0 = Release|ARM
		{CBC8860A-C0F0-49A5-BE92-CDC1D50AFD88}.Release|ARM64.ActiveCfg = Release|ARM64
		{CBC8860A-C0F0-49A5-BE92-CDC1D50AFD88}.Release|ARM64.Build.0 = Release|ARM64
		{CBC8860A-C0F0-49A5-BE92-CDC1D50AFD88}.Release|ARM64.Deploy.0 = Release|ARM64
		{CBC8860A-C0F0-49A5-BE92-CDC1D50AFD88}.Release|x64.ActiveCfg = Release|x64
		{CBC8860A-C0F0-49A5-BE92-CDC1D50AFD88}.Release|x64.Build.0 = Release|x64
		{CBC8860A-C0F0-49A5-BE92-CDC1D50AFD88}.Release|x64.Deploy.0 = Release|x64
		{CBC8860A-C0F0-49A5-BE92-CDC1D50AFD88}.Release|x86.ActiveCfg = Release|x86
		{CBC8860A-C0F0-49A5-BE92-CDC1D50AFD88}.Release|x86.Build.0 = Release|x86
		{CBC8860A-C0F0-49A5-BE92-CDC1D50AFD88}.Release|x86.Deploy.0 = Release|x86
	EndGlobalSection
	GlobalSection(SolutionProperties) = preSolution
		HideSolutionNode = FALSE
	EndGlobalSection
	GlobalSection(ExtensibilityGlobals) = postSolution
		SolutionGuid = {6157753B-4313-4CB9-879D-B9A26D47F27B}
	EndGlobalSection
EndGlobal
